PODS:
  - JTSReachability (1.1.0)
  - UIView-Autolayout (0.2.1)

DEPENDENCIES:
  - JTSReachability (from `http://github.com/brennanMKE/JTSReachability.git`, tag
    `1.1.0`)
  - UIView-Autolayout (~> 0.2.0)

EXTERNAL SOURCES:
  JTSReachability:
    :git: http://github.com/brennanMKE/JTSReachability.git
    :tag: 1.1.0

CHECKOUT OPTIONS:
  JTSReachability:
    :git: http://github.com/brennanMKE/JTSReachability.git
    :tag: 1.1.0

SPEC CHECKSUMS:
  JTSReachability: 954168cdf3a9bb4a3396204a77ada40aa18b7126
  UIView-Autolayout: 042510c499403f58620998278ddd60fa7b6cd4a7

COCOAPODS: 0.39.0
