// !$*UTF8*$!
{
	archiveVersion = 1;
	classes = {
	};
	objectVersion = 46;
	objects = {

/* Begin PBXBuildFile section */
		1D5E2266EF1546ECA0778047 /* libPods-Staging.a in Frameworks */ = {isa = PBXBuildFile; fileRef = F598F9476BD1455DA0B1ECF7 /* libPods-Staging.a */; };
		2610565E19CE7DF6007B243E /* PulsingView.m in Sources */ = {isa = PBXBuildFile; fileRef = 2610565D19CE7DF6007B243E /* PulsingView.m */; };
		2610565F19CE7DF6007B243E /* PulsingView.m in Sources */ = {isa = PBXBuildFile; fileRef = 2610565D19CE7DF6007B243E /* PulsingView.m */; };
		26302DC619CE2B600033E826 /* StyleKit.m in Sources */ = {isa = PBXBuildFile; fileRef = 26302DC519CE2B600033E826 /* StyleKit.m */; };
		26302DC719CE2B600033E826 /* StyleKit.m in Sources */ = {isa = PBXBuildFile; fileRef = 26302DC519CE2B600033E826 /* StyleKit.m */; };
		26302DCA19CE2BB70033E826 /* StyleKit+Additions.m in Sources */ = {isa = PBXBuildFile; fileRef = 26302DC919CE2BB70033E826 /* StyleKit+Additions.m */; };
		26302DCB19CE2BB70033E826 /* StyleKit+Additions.m in Sources */ = {isa = PBXBuildFile; fileRef = 26302DC919CE2BB70033E826 /* StyleKit+Additions.m */; };
		26302DCE19CE36750033E826 /* AppHelper.m in Sources */ = {isa = PBXBuildFile; fileRef = 26302DCD19CE36750033E826 /* AppHelper.m */; };
		26302DCF19CE36750033E826 /* AppHelper.m in Sources */ = {isa = PBXBuildFile; fileRef = 26302DCD19CE36750033E826 /* AppHelper.m */; };
		2645C3AD19CE377C003B2BD8 /* Foundation.framework in Frameworks */ = {isa = PBXBuildFile; fileRef = 2645C3A919CE377C003B2BD8 /* Foundation.framework */; };
		2645C3AE19CE377C003B2BD8 /* MapKit.framework in Frameworks */ = {isa = PBXBuildFile; fileRef = 2645C3AA19CE377C003B2BD8 /* MapKit.framework */; };
		2645C3AF19CE377C003B2BD8 /* SystemConfiguration.framework in Frameworks */ = {isa = PBXBuildFile; fileRef = 2645C3AB19CE377C003B2BD8 /* SystemConfiguration.framework */; };
		2645C3B019CE377C003B2BD8 /* UIKit.framework in Frameworks */ = {isa = PBXBuildFile; fileRef = 2645C3AC19CE377C003B2BD8 /* UIKit.framework */; };
		2669198C19CE098600404F9A /* HomeCollectionViewController.m in Sources */ = {isa = PBXBuildFile; fileRef = 2669198B19CE098600404F9A /* HomeCollectionViewController.m */; };
		2669198D19CE098600404F9A /* HomeCollectionViewController.m in Sources */ = {isa = PBXBuildFile; fileRef = 2669198B19CE098600404F9A /* HomeCollectionViewController.m */; };
		2669199019CE09B300404F9A /* BusStopPickerViewController.m in Sources */ = {isa = PBXBuildFile; fileRef = 2669198F19CE09B300404F9A /* BusStopPickerViewController.m */; };
		2669199119CE09B300404F9A /* BusStopPickerViewController.m in Sources */ = {isa = PBXBuildFile; fileRef = 2669198F19CE09B300404F9A /* BusStopPickerViewController.m */; };
		2669199419CE09C900404F9A /* QuickSelectViewController.m in Sources */ = {isa = PBXBuildFile; fileRef = 2669199319CE09C900404F9A /* QuickSelectViewController.m */; };
		2669199519CE09C900404F9A /* QuickSelectViewController.m in Sources */ = {isa = PBXBuildFile; fileRef = 2669199319CE09C900404F9A /* QuickSelectViewController.m */; };
		26BD76FE19CDE87400B00969 /* main.m in Sources */ = {isa = PBXBuildFile; fileRef = 26BD76FD19CDE87400B00969 /* main.m */; };
		26BD770119CDE87400B00969 /* AppDelegate.m in Sources */ = {isa = PBXBuildFile; fileRef = 26BD770019CDE87400B00969 /* AppDelegate.m */; };
		26BD770719CDE87400B00969 /* Main.storyboard in Resources */ = {isa = PBXBuildFile; fileRef = 26BD770519CDE87400B00969 /* Main.storyboard */; };
		26BD770919CDE87400B00969 /* Images.xcassets in Resources */ = {isa = PBXBuildFile; fileRef = 26BD770819CDE87400B00969 /* Images.xcassets */; };
		26BD770C19CDE87400B00969 /* LaunchScreen.xib in Resources */ = {isa = PBXBuildFile; fileRef = 26BD770A19CDE87400B00969 /* LaunchScreen.xib */; };
		26BD771819CDE87400B00969 /* BusTickerTests.m in Sources */ = {isa = PBXBuildFile; fileRef = 26BD771719CDE87400B00969 /* BusTickerTests.m */; };
		26BD772519CDEA8400B00969 /* AppDelegate.m in Sources */ = {isa = PBXBuildFile; fileRef = 26BD770019CDE87400B00969 /* AppDelegate.m */; };
		26BD772619CDEA8400B00969 /* main.m in Sources */ = {isa = PBXBuildFile; fileRef = 26BD76FD19CDE87400B00969 /* main.m */; };
		26BD772A19CDEA8400B00969 /* Main.storyboard in Resources */ = {isa = PBXBuildFile; fileRef = 26BD770519CDE87400B00969 /* Main.storyboard */; };
		26BD772B19CDEA8400B00969 /* LaunchScreen.xib in Resources */ = {isa = PBXBuildFile; fileRef = 26BD770A19CDE87400B00969 /* LaunchScreen.xib */; };
		26BD772C19CDEA8400B00969 /* Images.xcassets in Resources */ = {isa = PBXBuildFile; fileRef = 26BD770819CDE87400B00969 /* Images.xcassets */; };
		99E0B89A210D40CC987C2F12 /* libPods.a in Frameworks */ = {isa = PBXBuildFile; fileRef = 265D538C17A24F79A725CE1D /* libPods.a */; };
/* End PBXBuildFile section */

/* Begin PBXContainerItemProxy section */
		26BD771219CDE87400B00969 /* PBXContainerItemProxy */ = {
			isa = PBXContainerItemProxy;
			containerPortal = 26BD76F019CDE87400B00969 /* Project object */;
			proxyType = 1;
			remoteGlobalIDString = 26BD76F719CDE87400B00969;
			remoteInfo = BusTicker;
		};
/* End PBXContainerItemProxy section */

/* Begin PBXFileReference section */
		2610565C19CE7DF6007B243E /* PulsingView.h */ = {isa = PBXFileReference; fileEncoding = 4; lastKnownFileType = sourcecode.c.h; path = PulsingView.h; sourceTree = "<group>"; };
		2610565D19CE7DF6007B243E /* PulsingView.m */ = {isa = PBXFileReference; fileEncoding = 4; lastKnownFileType = sourcecode.c.objc; path = PulsingView.m; sourceTree = "<group>"; };
		26302DC419CE2B600033E826 /* StyleKit.h */ = {isa = PBXFileReference; fileEncoding = 4; lastKnownFileType = sourcecode.c.h; path = StyleKit.h; sourceTree = "<group>"; };
		26302DC519CE2B600033E826 /* StyleKit.m */ = {isa = PBXFileReference; fileEncoding = 4; lastKnownFileType = sourcecode.c.objc; path = StyleKit.m; sourceTree = "<group>"; };
		26302DC819CE2BB70033E826 /* StyleKit+Additions.h */ = {isa = PBXFileReference; fileEncoding = 4; lastKnownFileType = sourcecode.c.h; path = "StyleKit+Additions.h"; sourceTree = "<group>"; };
		26302DC919CE2BB70033E826 /* StyleKit+Additions.m */ = {isa = PBXFileReference; fileEncoding = 4; lastKnownFileType = sourcecode.c.objc; path = "StyleKit+Additions.m"; sourceTree = "<group>"; };
		26302DCC19CE36750033E826 /* AppHelper.h */ = {isa = PBXFileReference; fileEncoding = 4; lastKnownFileType = sourcecode.c.h; path = AppHelper.h; sourceTree = "<group>"; };
		26302DCD19CE36750033E826 /* AppHelper.m */ = {isa = PBXFileReference; fileEncoding = 4; lastKnownFileType = sourcecode.c.objc; path = AppHelper.m; sourceTree = "<group>"; };
		2645C3A919CE377C003B2BD8 /* Foundation.framework */ = {isa = PBXFileReference; lastKnownFileType = wrapper.framework; name = Foundation.framework; path = System/Library/Frameworks/Foundation.framework; sourceTree = SDKROOT; };
		2645C3AA19CE377C003B2BD8 /* MapKit.framework */ = {isa = PBXFileReference; lastKnownFileType = wrapper.framework; name = MapKit.framework; path = System/Library/Frameworks/MapKit.framework; sourceTree = SDKROOT; };
		2645C3AB19CE377C003B2BD8 /* SystemConfiguration.framework */ = {isa = PBXFileReference; lastKnownFileType = wrapper.framework; name = SystemConfiguration.framework; path = System/Library/Frameworks/SystemConfiguration.framework; sourceTree = SDKROOT; };
		2645C3AC19CE377C003B2BD8 /* UIKit.framework */ = {isa = PBXFileReference; lastKnownFileType = wrapper.framework; name = UIKit.framework; path = System/Library/Frameworks/UIKit.framework; sourceTree = SDKROOT; };
		265D538C17A24F79A725CE1D /* libPods.a */ = {isa = PBXFileReference; explicitFileType = archive.ar; includeInIndex = 0; path = libPods.a; sourceTree = BUILT_PRODUCTS_DIR; };
		2669198A19CE098600404F9A /* HomeCollectionViewController.h */ = {isa = PBXFileReference; fileEncoding = 4; lastKnownFileType = sourcecode.c.h; path = HomeCollectionViewController.h; sourceTree = "<group>"; };
		2669198B19CE098600404F9A /* HomeCollectionViewController.m */ = {isa = PBXFileReference; fileEncoding = 4; lastKnownFileType = sourcecode.c.objc; path = HomeCollectionViewController.m; sourceTree = "<group>"; };
		2669198E19CE09B300404F9A /* BusStopPickerViewController.h */ = {isa = PBXFileReference; fileEncoding = 4; lastKnownFileType = sourcecode.c.h; path = BusStopPickerViewController.h; sourceTree = "<group>"; };
		2669198F19CE09B300404F9A /* BusStopPickerViewController.m */ = {isa = PBXFileReference; fileEncoding = 4; lastKnownFileType = sourcecode.c.objc; path = BusStopPickerViewController.m; sourceTree = "<group>"; };
		2669199219CE09C900404F9A /* QuickSelectViewController.h */ = {isa = PBXFileReference; fileEncoding = 4; lastKnownFileType = sourcecode.c.h; path = QuickSelectViewController.h; sourceTree = "<group>"; };
		2669199319CE09C900404F9A /* QuickSelectViewController.m */ = {isa = PBXFileReference; fileEncoding = 4; lastKnownFileType = sourcecode.c.objc; path = QuickSelectViewController.m; sourceTree = "<group>"; };
		26BD76F819CDE87400B00969 /* BusTicker.app */ = {isa = PBXFileReference; explicitFileType = wrapper.application; includeInIndex = 0; path = BusTicker.app; sourceTree = BUILT_PRODUCTS_DIR; };
		26BD76FC19CDE87400B00969 /* Info.plist */ = {isa = PBXFileReference; lastKnownFileType = text.plist.xml; path = Info.plist; sourceTree = "<group>"; };
		26BD76FD19CDE87400B00969 /* main.m */ = {isa = PBXFileReference; lastKnownFileType = sourcecode.c.objc; path = main.m; sourceTree = "<group>"; };
		26BD76FF19CDE87400B00969 /* AppDelegate.h */ = {isa = PBXFileReference; lastKnownFileType = sourcecode.c.h; path = AppDelegate.h; sourceTree = "<group>"; };
		26BD770019CDE87400B00969 /* AppDelegate.m */ = {isa = PBXFileReference; lastKnownFileType = sourcecode.c.objc; path = AppDelegate.m; sourceTree = "<group>"; };
		26BD770619CDE87400B00969 /* Base */ = {isa = PBXFileReference; lastKnownFileType = file.storyboard; name = Base; path = Base.lproj/Main.storyboard; sourceTree = "<group>"; };
		26BD770819CDE87400B00969 /* Images.xcassets */ = {isa = PBXFileReference; lastKnownFileType = folder.assetcatalog; path = Images.xcassets; sourceTree = "<group>"; };
		26BD770B19CDE87400B00969 /* Base */ = {isa = PBXFileReference; lastKnownFileType = file.xib; name = Base; path = Base.lproj/LaunchScreen.xib; sourceTree = "<group>"; };
		26BD771119CDE87400B00969 /* BusTickerTests.xctest */ = {isa = PBXFileReference; explicitFileType = wrapper.cfbundle; includeInIndex = 0; path = BusTickerTests.xctest; sourceTree = BUILT_PRODUCTS_DIR; };
		26BD771619CDE87400B00969 /* Info.plist */ = {isa = PBXFileReference; lastKnownFileType = text.plist.xml; path = Info.plist; sourceTree = "<group>"; };
		26BD771719CDE87400B00969 /* BusTickerTests.m */ = {isa = PBXFileReference; lastKnownFileType = sourcecode.c.objc; path = BusTickerTests.m; sourceTree = "<group>"; };
		26BD773119CDEA8400B00969 /* Staging.app */ = {isa = PBXFileReference; explicitFileType = wrapper.application; includeInIndex = 0; path = Staging.app; sourceTree = BUILT_PRODUCTS_DIR; };
		26BD773319CDEC2F00B00969 /* Staging.plist */ = {isa = PBXFileReference; fileEncoding = 4; lastKnownFileType = text.plist.xml; path = Staging.plist; sourceTree = "<group>"; };
		CA083B8F565C4E0DB8FB0B75 /* Pods.xcconfig */ = {isa = PBXFileReference; includeInIndex = 1; lastKnownFileType = text.xcconfig; name = Pods.xcconfig; path = Pods/Pods.xcconfig; sourceTree = "<group>"; };
		F598F9476BD1455DA0B1ECF7 /* libPods-Staging.a */ = {isa = PBXFileReference; explicitFileType = archive.ar; includeInIndex = 0; path = "libPods-Staging.a"; sourceTree = BUILT_PRODUCTS_DIR; };
		FD39365C97E04BB087EC72D9 /* Pods-Staging.xcconfig */ = {isa = PBXFileReference; includeInIndex = 1; lastKnownFileType = text.xcconfig; name = "Pods-Staging.xcconfig"; path = "Pods/Pods-Staging.xcconfig"; sourceTree = "<group>"; };
/* End PBXFileReference section */

/* Begin PBXFrameworksBuildPhase section */
		26BD76F519CDE87400B00969 /* Frameworks */ = {
			isa = PBXFrameworksBuildPhase;
			buildActionMask = 2147483647;
			files = (
				99E0B89A210D40CC987C2F12 /* libPods.a in Frameworks */,
			);
			runOnlyForDeploymentPostprocessing = 0;
		};
		26BD770E19CDE87400B00969 /* Frameworks */ = {
			isa = PBXFrameworksBuildPhase;
			buildActionMask = 2147483647;
			files = (
			);
			runOnlyForDeploymentPostprocessing = 0;
		};
		26BD772719CDEA8400B00969 /* Frameworks */ = {
			isa = PBXFrameworksBuildPhase;
			buildActionMask = 2147483647;
			files = (
				2645C3AD19CE377C003B2BD8 /* Foundation.framework in Frameworks */,
				2645C3AE19CE377C003B2BD8 /* MapKit.framework in Frameworks */,
				2645C3AF19CE377C003B2BD8 /* SystemConfiguration.framework in Frameworks */,
				2645C3B019CE377C003B2BD8 /* UIKit.framework in Frameworks */,
				1D5E2266EF1546ECA0778047 /* libPods-Staging.a in Frameworks */,
			);
			runOnlyForDeploymentPostprocessing = 0;
		};
/* End PBXFrameworksBuildPhase section */

/* Begin PBXGroup section */
		2610565B19CE7DCB007B243E /* Views */ = {
			isa = PBXGroup;
			children = (
				2610565C19CE7DF6007B243E /* PulsingView.h */,
				2610565D19CE7DF6007B243E /* PulsingView.m */,
			);
			name = Views;
			sourceTree = "<group>";
		};
		26302DC319CE2B530033E826 /* StyleKit */ = {
			isa = PBXGroup;
			children = (
				26302DC419CE2B600033E826 /* StyleKit.h */,
				26302DC519CE2B600033E826 /* StyleKit.m */,
				26302DC819CE2BB70033E826 /* StyleKit+Additions.h */,
				26302DC919CE2BB70033E826 /* StyleKit+Additions.m */,
			);
			name = StyleKit;
			sourceTree = "<group>";
		};
		2669198919CE095D00404F9A /* View Controllers */ = {
			isa = PBXGroup;
			children = (
				2669198A19CE098600404F9A /* HomeCollectionViewController.h */,
				2669198B19CE098600404F9A /* HomeCollectionViewController.m */,
				2669198E19CE09B300404F9A /* BusStopPickerViewController.h */,
				2669198F19CE09B300404F9A /* BusStopPickerViewController.m */,
				2669199219CE09C900404F9A /* QuickSelectViewController.h */,
				2669199319CE09C900404F9A /* QuickSelectViewController.m */,
			);
			name = "View Controllers";
			sourceTree = "<group>";
		};
		26BD76EF19CDE87400B00969 = {
			isa = PBXGroup;
			children = (
				26BD76FA19CDE87400B00969 /* BusTicker */,
				26BD771419CDE87400B00969 /* BusTickerTests */,
				26BD76F919CDE87400B00969 /* Products */,
				CA083B8F565C4E0DB8FB0B75 /* Pods.xcconfig */,
				FD39365C97E04BB087EC72D9 /* Pods-Staging.xcconfig */,
				8495112D26EA40EFB60CC06F /* Frameworks */,
			);
			sourceTree = "<group>";
		};
		26BD76F919CDE87400B00969 /* Products */ = {
			isa = PBXGroup;
			children = (
				26BD76F819CDE87400B00969 /* BusTicker.app */,
				26BD771119CDE87400B00969 /* BusTickerTests.xctest */,
				26BD773119CDEA8400B00969 /* Staging.app */,
			);
			name = Products;
			sourceTree = "<group>";
		};
		26BD76FA19CDE87400B00969 /* BusTicker */ = {
			isa = PBXGroup;
			children = (
				26302DC319CE2B530033E826 /* StyleKit */,
				2669198919CE095D00404F9A /* View Controllers */,
				2610565B19CE7DCB007B243E /* Views */,
				26BD76FF19CDE87400B00969 /* AppDelegate.h */,
				26BD770019CDE87400B00969 /* AppDelegate.m */,
				26302DCC19CE36750033E826 /* AppHelper.h */,
				26302DCD19CE36750033E826 /* AppHelper.m */,
				26BD770519CDE87400B00969 /* Main.storyboard */,
				26BD770819CDE87400B00969 /* Images.xcassets */,
				26BD770A19CDE87400B00969 /* LaunchScreen.xib */,
				26BD76FB19CDE87400B00969 /* Supporting Files */,
			);
			path = BusTicker;
			sourceTree = "<group>";
		};
		26BD76FB19CDE87400B00969 /* Supporting Files */ = {
			isa = PBXGroup;
			children = (
				26BD773319CDEC2F00B00969 /* Staging.plist */,
				26BD76FC19CDE87400B00969 /* Info.plist */,
				26BD76FD19CDE87400B00969 /* main.m */,
			);
			name = "Supporting Files";
			sourceTree = "<group>";
		};
		26BD771419CDE87400B00969 /* BusTickerTests */ = {
			isa = PBXGroup;
			children = (
				26BD771719CDE87400B00969 /* BusTickerTests.m */,
				26BD771519CDE87400B00969 /* Supporting Files */,
			);
			path = BusTickerTests;
			sourceTree = "<group>";
		};
		26BD771519CDE87400B00969 /* Supporting Files */ = {
			isa = PBXGroup;
			children = (
				26BD771619CDE87400B00969 /* Info.plist */,
			);
			name = "Supporting Files";
			sourceTree = "<group>";
		};
		8495112D26EA40EFB60CC06F /* Frameworks */ = {
			isa = PBXGroup;
			children = (
				2645C3A919CE377C003B2BD8 /* Foundation.framework */,
				2645C3AA19CE377C003B2BD8 /* MapKit.framework */,
				2645C3AB19CE377C003B2BD8 /* SystemConfiguration.framework */,
				2645C3AC19CE377C003B2BD8 /* UIKit.framework */,
				265D538C17A24F79A725CE1D /* libPods.a */,
				F598F9476BD1455DA0B1ECF7 /* libPods-Staging.a */,
			);
			name = Frameworks;
			sourceTree = "<group>";
		};
/* End PBXGroup section */

/* Begin PBXNativeTarget section */
		26BD76F719CDE87400B00969 /* BusTicker */ = {
			isa = PBXNativeTarget;
			buildConfigurationList = 26BD771B19CDE87400B00969 /* Build configuration list for PBXNativeTarget "BusTicker" */;
			buildPhases = (
				F8BEFD29560246129EF30493 /* Check Pods Manifest.lock */,
				26BD76F419CDE87400B00969 /* Sources */,
				26BD76F519CDE87400B00969 /* Frameworks */,
				26BD76F619CDE87400B00969 /* Resources */,
				BD359476D49F4F04BB1AA34A /* Copy Pods Resources */,
				2669198719CDF30700404F9A /* ShellScript */,
			);
			buildRules = (
			);
			dependencies = (
			);
			name = BusTicker;
			productName = BusTicker;
			productReference = 26BD76F819CDE87400B00969 /* BusTicker.app */;
			productType = "com.apple.product-type.application";
		};
		26BD771019CDE87400B00969 /* BusTickerTests */ = {
			isa = PBXNativeTarget;
			buildConfigurationList = 26BD771E19CDE87400B00969 /* Build configuration list for PBXNativeTarget "BusTickerTests" */;
			buildPhases = (
				26BD770D19CDE87400B00969 /* Sources */,
				26BD770E19CDE87400B00969 /* Frameworks */,
				26BD770F19CDE87400B00969 /* Resources */,
			);
			buildRules = (
			);
			dependencies = (
				26BD771319CDE87400B00969 /* PBXTargetDependency */,
			);
			name = BusTickerTests;
			productName = BusTickerTests;
			productReference = 26BD771119CDE87400B00969 /* BusTickerTests.xctest */;
			productType = "com.apple.product-type.bundle.unit-test";
		};
		26BD772119CDEA8400B00969 /* Staging */ = {
			isa = PBXNativeTarget;
			buildConfigurationList = 26BD772E19CDEA8400B00969 /* Build configuration list for PBXNativeTarget "Staging" */;
			buildPhases = (
				26BD772219CDEA8400B00969 /* Check Pods Manifest.lock */,
				26BD772319CDEA8400B00969 /* Sources */,
				26BD772719CDEA8400B00969 /* Frameworks */,
				26BD772919CDEA8400B00969 /* Resources */,
				26BD772D19CDEA8400B00969 /* Copy Pods Resources */,
				2669198819CDF31800404F9A /* ShellScript */,
			);
			buildRules = (
			);
			dependencies = (
			);
			name = Staging;
			productName = BusTicker;
			productReference = 26BD773119CDEA8400B00969 /* Staging.app */;
			productType = "com.apple.product-type.application";
		};
/* End PBXNativeTarget section */

/* Begin PBXProject section */
		26BD76F019CDE87400B00969 /* Project object */ = {
			isa = PBXProject;
			attributes = {
				LastUpgradeCheck = 0600;
				ORGANIZATIONNAME = BusTicker;
				TargetAttributes = {
					26BD76F719CDE87400B00969 = {
						CreatedOnToolsVersion = 6.0;
					};
					26BD771019CDE87400B00969 = {
						CreatedOnToolsVersion = 6.0;
						TestTargetID = 26BD76F719CDE87400B00969;
					};
				};
			};
			buildConfigurationList = 26BD76F319CDE87400B00969 /* Build configuration list for PBXProject "BusTicker" */;
			compatibilityVersion = "Xcode 3.2";
			developmentRegion = English;
			hasScannedForEncodings = 0;
			knownRegions = (
				en,
				Base,
			);
			mainGroup = 26BD76EF19CDE87400B00969;
			productRefGroup = 26BD76F919CDE87400B00969 /* Products */;
			projectDirPath = "";
			projectRoot = "";
			targets = (
				26BD76F719CDE87400B00969 /* BusTicker */,
				26BD772119CDEA8400B00969 /* Staging */,
				26BD771019CDE87400B00969 /* BusTickerTests */,
			);
		};
/* End PBXProject section */

/* Begin PBXResourcesBuildPhase section */
		26BD76F619CDE87400B00969 /* Resources */ = {
			isa = PBXResourcesBuildPhase;
			buildActionMask = 2147483647;
			files = (
				26BD770719CDE87400B00969 /* Main.storyboard in Resources */,
				26BD770C19CDE87400B00969 /* LaunchScreen.xib in Resources */,
				26BD770919CDE87400B00969 /* Images.xcassets in Resources */,
			);
			runOnlyForDeploymentPostprocessing = 0;
		};
		26BD770F19CDE87400B00969 /* Resources */ = {
			isa = PBXResourcesBuildPhase;
			buildActionMask = 2147483647;
			files = (
			);
			runOnlyForDeploymentPostprocessing = 0;
		};
		26BD772919CDEA8400B00969 /* Resources */ = {
			isa = PBXResourcesBuildPhase;
			buildActionMask = 2147483647;
			files = (
				26BD772A19CDEA8400B00969 /* Main.storyboard in Resources */,
				26BD772B19CDEA8400B00969 /* LaunchScreen.xib in Resources */,
				26BD772C19CDEA8400B00969 /* Images.xcassets in Resources */,
			);
			runOnlyForDeploymentPostprocessing = 0;
		};
/* End PBXResourcesBuildPhase section */

/* Begin PBXShellScriptBuildPhase section */
		2669198719CDF30700404F9A /* ShellScript */ = {
			isa = PBXShellScriptBuildPhase;
			buildActionMask = 2147483647;
			files = (
			);
			inputPaths = (
			);
			outputPaths = (
			);
			runOnlyForDeploymentPostprocessing = 0;
			shellPath = /bin/sh;
			shellScript = "appBuild=`date \"+%Y.%m.%d.%H%M%S\"`\n/usr/libexec/PlistBuddy -c \"Set :CFBundleVersion $appBuild\" \"${TARGET_BUILD_DIR}/${INFOPLIST_PATH}\"\necho \"Updated ${TARGET_BUILD_DIR}/${INFOPLIST_PATH}\"    ";
		};
		2669198819CDF31800404F9A /* ShellScript */ = {
			isa = PBXShellScriptBuildPhase;
			buildActionMask = 2147483647;
			files = (
			);
			inputPaths = (
			);
			outputPaths = (
			);
			runOnlyForDeploymentPostprocessing = 0;
			shellPath = /bin/sh;
			shellScript = "appBuild=`date \"+%Y.%m.%d.%H%M%S\"`\n/usr/libexec/PlistBuddy -c \"Set :CFBundleVersion $appBuild\" \"${TARGET_BUILD_DIR}/${INFOPLIST_PATH}\"\necho \"Updated ${TARGET_BUILD_DIR}/${INFOPLIST_PATH}\"    ";
		};
		26BD772219CDEA8400B00969 /* Check Pods Manifest.lock */ = {
			isa = PBXShellScriptBuildPhase;
			buildActionMask = 2147483647;
			files = (
			);
			inputPaths = (
			);
			name = "Check Pods Manifest.lock";
			outputPaths = (
			);
			runOnlyForDeploymentPostprocessing = 0;
			shellPath = /bin/sh;
			shellScript = "diff \"${PODS_ROOT}/../Podfile.lock\" \"${PODS_ROOT}/Manifest.lock\" > /dev/null\nif [[ $? != 0 ]] ; then\n    cat << EOM\nerror: The sandbox is not in sync with the Podfile.lock. Run 'pod install' or update your CocoaPods installation.\nEOM\n    exit 1\nfi\n";
			showEnvVarsInLog = 0;
		};
		26BD772D19CDEA8400B00969 /* Copy Pods Resources */ = {
			isa = PBXShellScriptBuildPhase;
			buildActionMask = 2147483647;
			files = (
			);
			inputPaths = (
			);
			name = "Copy Pods Resources";
			outputPaths = (
			);
			runOnlyForDeploymentPostprocessing = 0;
			shellPath = /bin/sh;
			shellScript = "\"${SRCROOT}/Pods/Pods-Staging-resources.sh\"\n";
			showEnvVarsInLog = 0;
		};
		BD359476D49F4F04BB1AA34A /* Copy Pods Resources */ = {
			isa = PBXShellScriptBuildPhase;
			buildActionMask = 2147483647;
			files = (
			);
			inputPaths = (
			);
			name = "Copy Pods Resources";
			outputPaths = (
			);
			runOnlyForDeploymentPostprocessing = 0;
			shellPath = /bin/sh;
			shellScript = "\"${SRCROOT}/Pods/Pods-resources.sh\"\n";
			showEnvVarsInLog = 0;
		};
		F8BEFD29560246129EF30493 /* Check Pods Manifest.lock */ = {
			isa = PBXShellScriptBuildPhase;
			buildActionMask = 2147483647;
			files = (
			);
			inputPaths = (
			);
			name = "Check Pods Manifest.lock";
			outputPaths = (
			);
			runOnlyForDeploymentPostprocessing = 0;
			shellPath = /bin/sh;
			shellScript = "diff \"${PODS_ROOT}/../Podfile.lock\" \"${PODS_ROOT}/Manifest.lock\" > /dev/null\nif [[ $? != 0 ]] ; then\n    cat << EOM\nerror: The sandbox is not in sync with the Podfile.lock. Run 'pod install' or update your CocoaPods installation.\nEOM\n    exit 1\nfi\n";
			showEnvVarsInLog = 0;
		};
/* End PBXShellScriptBuildPhase section */

/* Begin PBXSourcesBuildPhase section */
		26BD76F419CDE87400B00969 /* Sources */ = {
			isa = PBXSourcesBuildPhase;
			buildActionMask = 2147483647;
			files = (
				26302DCA19CE2BB70033E826 /* StyleKit+Additions.m in Sources */,
				26BD770119CDE87400B00969 /* AppDelegate.m in Sources */,
				2669199419CE09C900404F9A /* QuickSelectViewController.m in Sources */,
				2669199019CE09B300404F9A /* BusStopPickerViewController.m in Sources */,
				26BD76FE19CDE87400B00969 /* main.m in Sources */,
				26302DC619CE2B600033E826 /* StyleKit.m in Sources */,
				2669198C19CE098600404F9A /* HomeCollectionViewController.m in Sources */,
				2610565E19CE7DF6007B243E /* PulsingView.m in Sources */,
				26302DCE19CE36750033E826 /* AppHelper.m in Sources */,
			);
			runOnlyForDeploymentPostprocessing = 0;
		};
		26BD770D19CDE87400B00969 /* Sources */ = {
			isa = PBXSourcesBuildPhase;
			buildActionMask = 2147483647;
			files = (
				26BD771819CDE87400B00969 /* BusTickerTests.m in Sources */,
			);
			runOnlyForDeploymentPostprocessing = 0;
		};
		26BD772319CDEA8400B00969 /* Sources */ = {
			isa = PBXSourcesBuildPhase;
			buildActionMask = 2147483647;
			files = (
				26302DCB19CE2BB70033E826 /* StyleKit+Additions.m in Sources */,
				26BD772519CDEA8400B00969 /* AppDelegate.m in Sources */,
				2669199519CE09C900404F9A /* QuickSelectViewController.m in Sources */,
				2669199119CE09B300404F9A /* BusStopPickerViewController.m in Sources */,
				26BD772619CDEA8400B00969 /* main.m in Sources */,
				26302DC719CE2B600033E826 /* StyleKit.m in Sources */,
				2669198D19CE098600404F9A /* HomeCollectionViewController.m in Sources */,
				2610565F19CE7DF6007B243E /* PulsingView.m in Sources */,
				26302DCF19CE36750033E826 /* AppHelper.m in Sources */,
			);
			runOnlyForDeploymentPostprocessing = 0;
		};
/* End PBXSourcesBuildPhase section */

/* Begin PBXTargetDependency section */
		26BD771319CDE87400B00969 /* PBXTargetDependency */ = {
			isa = PBXTargetDependency;
			target = 26BD76F719CDE87400B00969 /* BusTicker */;
			targetProxy = 26BD771219CDE87400B00969 /* PBXContainerItemProxy */;
		};
/* End PBXTargetDependency section */

/* Begin PBXVariantGroup section */
		26BD770519CDE87400B00969 /* Main.storyboard */ = {
			isa = PBXVariantGroup;
			children = (
				26BD770619CDE87400B00969 /* Base */,
			);
			name = Main.storyboard;
			sourceTree = "<group>";
		};
		26BD770A19CDE87400B00969 /* LaunchScreen.xib */ = {
			isa = PBXVariantGroup;
			children = (
				26BD770B19CDE87400B00969 /* Base */,
			);
			name = LaunchScreen.xib;
			sourceTree = "<group>";
		};
/* End PBXVariantGroup section */

/* Begin XCBuildConfiguration section */
		26BD771919CDE87400B00969 /* Debug */ = {
			isa = XCBuildConfiguration;
			buildSettings = {
				ALWAYS_SEARCH_USER_PATHS = NO;
				CLANG_CXX_LANGUAGE_STANDARD = "gnu++0x";
				CLANG_CXX_LIBRARY = "libc++";
				CLANG_ENABLE_MODULES = YES;
				CLANG_ENABLE_OBJC_ARC = YES;
				CLANG_WARN_BOOL_CONVERSION = YES;
				CLANG_WARN_CONSTANT_CONVERSION = YES;
				CLANG_WARN_DIRECT_OBJC_ISA_USAGE = YES_ERROR;
				CLANG_WARN_EMPTY_BODY = YES;
				CLANG_WARN_ENUM_CONVERSION = YES;
				CLANG_WARN_INT_CONVERSION = YES;
				CLANG_WARN_OBJC_ROOT_CLASS = YES_ERROR;
				CLANG_WARN_UNREACHABLE_CODE = YES;
				CLANG_WARN__DUPLICATE_METHOD_MATCH = YES;
				"CODE_SIGN_IDENTITY[sdk=iphoneos*]" = "iPhone Developer";
				COPY_PHASE_STRIP = NO;
				ENABLE_STRICT_OBJC_MSGSEND = YES;
				GCC_C_LANGUAGE_STANDARD = gnu99;
				GCC_DYNAMIC_NO_PIC = NO;
				GCC_OPTIMIZATION_LEVEL = 0;
				GCC_PREPROCESSOR_DEFINITIONS = (
					"DEBUG=1",
					"$(inherited)",
				);
				GCC_SYMBOLS_PRIVATE_EXTERN = NO;
				GCC_WARN_64_TO_32_BIT_CONVERSION = YES;
				GCC_WARN_ABOUT_RETURN_TYPE = YES_ERROR;
				GCC_WARN_UNDECLARED_SELECTOR = YES;
				GCC_WARN_UNINITIALIZED_AUTOS = YES_AGGRESSIVE;
				GCC_WARN_UNUSED_FUNCTION = YES;
				GCC_WARN_UNUSED_VARIABLE = YES;
				IPHONEOS_DEPLOYMENT_TARGET = 8.0;
				MTL_ENABLE_DEBUG_INFO = YES;
				ONLY_ACTIVE_ARCH = YES;
				SDKROOT = iphoneos;
			};
			name = Debug;
		};
		26BD771A19CDE87400B00969 /* Release */ = {
			isa = XCBuildConfiguration;
			buildSettings = {
				ALWAYS_SEARCH_USER_PATHS = NO;
				CLANG_CXX_LANGUAGE_STANDARD = "gnu++0x";
				CLANG_CXX_LIBRARY = "libc++";
				CLANG_ENABLE_MODULES = YES;
				CLANG_ENABLE_OBJC_ARC = YES;
				CLANG_WARN_BOOL_CONVERSION = YES;
				CLANG_WARN_CONSTANT_CONVERSION = YES;
				CLANG_WARN_DIRECT_OBJC_ISA_USAGE = YES_ERROR;
				CLANG_WARN_EMPTY_BODY = YES;
				CLANG_WARN_ENUM_CONVERSION = YES;
				CLANG_WARN_INT_CONVERSION = YES;
				CLANG_WARN_OBJC_ROOT_CLASS = YES_ERROR;
				CLANG_WARN_UNREACHABLE_CODE = YES;
				CLANG_WARN__DUPLICATE_METHOD_MATCH = YES;
				"CODE_SIGN_IDENTITY[sdk=iphoneos*]" = "iPhone Developer";
				COPY_PHASE_STRIP = YES;
				ENABLE_NS_ASSERTIONS = NO;
				ENABLE_STRICT_OBJC_MSGSEND = YES;
				GCC_C_LANGUAGE_STANDARD = gnu99;
				GCC_WARN_64_TO_32_BIT_CONVERSION = YES;
				GCC_WARN_ABOUT_RETURN_TYPE = YES_ERROR;
				GCC_WARN_UNDECLARED_SELECTOR = YES;
				GCC_WARN_UNINITIALIZED_AUTOS = YES_AGGRESSIVE;
				GCC_WARN_UNUSED_FUNCTION = YES;
				GCC_WARN_UNUSED_VARIABLE = YES;
				IPHONEOS_DEPLOYMENT_TARGET = 8.0;
				MTL_ENABLE_DEBUG_INFO = NO;
				SDKROOT = iphoneos;
				VALIDATE_PRODUCT = YES;
			};
			name = Release;
		};
		26BD771C19CDE87400B00969 /* Debug */ = {
			isa = XCBuildConfiguration;
			baseConfigurationReference = CA083B8F565C4E0DB8FB0B75 /* Pods.xcconfig */;
			buildSettings = {
				ASSETCATALOG_COMPILER_APPICON_NAME = AppIcon;
				INFOPLIST_FILE = BusTicker/Info.plist;
				IPHONEOS_DEPLOYMENT_TARGET = 7.1;
				LD_RUNPATH_SEARCH_PATHS = "$(inherited) @executable_path/Frameworks";
				PRODUCT_NAME = "$(TARGET_NAME)";
			};
			name = Debug;
		};
		26BD771D19CDE87400B00969 /* Release */ = {
			isa = XCBuildConfiguration;
			baseConfigurationReference = CA083B8F565C4E0DB8FB0B75 /* Pods.xcconfig */;
			buildSettings = {
				ASSETCATALOG_COMPILER_APPICON_NAME = AppIcon;
				INFOPLIST_FILE = BusTicker/Info.plist;
				IPHONEOS_DEPLOYMENT_TARGET = 7.1;
				LD_RUNPATH_SEARCH_PATHS = "$(inherited) @executable_path/Frameworks";
				PRODUCT_NAME = "$(TARGET_NAME)";
			};
			name = Release;
		};
		26BD771F19CDE87400B00969 /* Debug */ = {
			isa = XCBuildConfiguration;
			buildSettings = {
				BUNDLE_LOADER = "$(TEST_HOST)";
				FRAMEWORK_SEARCH_PATHS = (
					"$(SDKROOT)/Developer/Library/Frameworks",
					"$(inherited)",
				);
				GCC_PREPROCESSOR_DEFINITIONS = (
					"DEBUG=1",
					"$(inherited)",
				);
				INFOPLIST_FILE = BusTickerTests/Info.plist;
				LD_RUNPATH_SEARCH_PATHS = "$(inherited) @executable_path/Frameworks @loader_path/Frameworks";
				PRODUCT_NAME = "$(TARGET_NAME)";
				TEST_HOST = "$(BUILT_PRODUCTS_DIR)/BusTicker.app/BusTicker";
			};
			name = Debug;
		};
		26BD772019CDE87400B00969 /* Release */ = {
			isa = XCBuildConfiguration;
			buildSettings = {
				BUNDLE_LOADER = "$(TEST_HOST)";
				FRAMEWORK_SEARCH_PATHS = (
					"$(SDKROOT)/Developer/Library/Frameworks",
					"$(inherited)",
				);
				INFOPLIST_FILE = BusTickerTests/Info.plist;
				LD_RUNPATH_SEARCH_PATHS = "$(inherited) @executable_path/Frameworks @loader_path/Frameworks";
				PRODUCT_NAME = "$(TARGET_NAME)";
				TEST_HOST = "$(BUILT_PRODUCTS_DIR)/BusTicker.app/BusTicker";
			};
			name = Release;
		};
		26BD772F19CDEA8400B00969 /* Debug */ = {
			isa = XCBuildConfiguration;
			baseConfigurationReference = FD39365C97E04BB087EC72D9 /* Pods-Staging.xcconfig */;
			buildSettings = {
				ASSETCATALOG_COMPILER_APPICON_NAME = AppIcon;
				INFOPLIST_FILE = "$(SRCROOT)/BusTicker/Staging.plist";
				IPHONEOS_DEPLOYMENT_TARGET = 7.1;
				LD_RUNPATH_SEARCH_PATHS = "$(inherited) @executable_path/Frameworks";
				PRODUCT_NAME = Staging;
			};
			name = Debug;
		};
		26BD773019CDEA8400B00969 /* Release */ = {
			isa = XCBuildConfiguration;
			baseConfigurationReference = FD39365C97E04BB087EC72D9 /* Pods-Staging.xcconfig */;
			buildSettings = {
				ASSETCATALOG_COMPILER_APPICON_NAME = AppIcon;
				INFOPLIST_FILE = "$(SRCROOT)/BusTicker/Staging.plist";
				IPHONEOS_DEPLOYMENT_TARGET = 7.1;
				LD_RUNPATH_SEARCH_PATHS = "$(inherited) @executable_path/Frameworks";
				PRODUCT_NAME = Staging;
			};
			name = Release;
		};
/* End XCBuildConfiguration section */

/* Begin XCConfigurationList section */
		26BD76F319CDE87400B00969 /* Build configuration list for PBXProject "BusTicker" */ = {
			isa = XCConfigurationList;
			buildConfigurations = (
				26BD771919CDE87400B00969 /* Debug */,
				26BD771A19CDE87400B00969 /* Release */,
			);
			defaultConfigurationIsVisible = 0;
			defaultConfigurationName = Release;
		};
		26BD771B19CDE87400B00969 /* Build configuration list for PBXNativeTarget "BusTicker" */ = {
			isa = XCConfigurationList;
			buildConfigurations = (
				26BD771C19CDE87400B00969 /* Debug */,
				26BD771D19CDE87400B00969 /* Release */,
			);
			defaultConfigurationIsVisible = 0;
			defaultConfigurationName = Release;
		};
		26BD771E19CDE87400B00969 /* Build configuration list for PBXNativeTarget "BusTickerTests" */ = {
			isa = XCConfigurationList;
			buildConfigurations = (
				26BD771F19CDE87400B00969 /* Debug */,
				26BD772019CDE87400B00969 /* Release */,
			);
			defaultConfigurationIsVisible = 0;
			defaultConfigurationName = Release;
		};
		26BD772E19CDEA8400B00969 /* Build configuration list for PBXNativeTarget "Staging" */ = {
			isa = XCConfigurationList;
			buildConfigurations = (
				26BD772F19CDEA8400B00969 /* Debug */,
				26BD773019CDEA8400B00969 /* Release */,
			);
			defaultConfigurationIsVisible = 0;
			defaultConfigurationName = Release;
		};
/* End XCConfigurationList section */
	};
	rootObject = 26BD76F019CDE87400B00969 /* Project object */;
}
